lockfileVersion: '9.0'

settings:
  autoInstallPeers: true
  excludeLinksFromLockfile: false

importers:

  .: {}

  cli:
    dependencies:
      '@eighty4/plunder-core':
        specifier: workspace:^
        version: link:../core
      nopt:
        specifier: ^8.1.0
        version: 8.1.0
      zod:
        specifier: ^3.24.1
        version: 3.24.1
    devDependencies:
      '@types/node':
        specifier: ^22.13.1
        version: 22.13.1
      '@types/nopt':
        specifier: ^3.0.32
        version: 3.0.32
      typescript:
        specifier: ^5.7.3
        version: 5.7.3

  core:
    dependencies:
      lightningcss:
        specifier: ^1.29.1
        version: 1.29.1
      playwright:
        specifier: ^1.50.1
        version: 1.50.1
      playwright-core:
        specifier: ^1.50.1
        version: 1.50.1
      zod:
        specifier: ^3.24.1
        version: 3.24.1
    devDependencies:
      '@types/node':
        specifier: ^22.13.1
        version: 22.13.1
      typescript:
        specifier: ^5.7.3
        version: 5.7.3

packages:

  '@types/node@22.13.1':
    resolution: {integrity: sha512-jK8uzQlrvXqEU91UxiK5J7pKHyzgnI1Qnl0QDHIgVGuolJhRb9EEl28Cj9b3rGR8B2lhFCtvIm5os8lFnO/1Ew==}

  '@types/nopt@3.0.32':
    resolution: {integrity: sha512-UP8QR0GaR8AE3l4wDmyCx4lEkX5o/1YVeDBqb1UqmfHefZqFNedQLTsobfzw56CvlXVVbt6kAwJJbN1yDTp16Q==}

  abbrev@3.0.0:
    resolution: {integrity: sha512-+/kfrslGQ7TNV2ecmQwMJj/B65g5KVq1/L3SGVZ3tCYGqlzFuFCGBZJtMP99wH3NpEUyAjn0zPdPUg0D+DwrOA==}
    engines: {node: ^18.17.0 || >=20.5.0}

  detect-libc@1.0.3:
    resolution: {integrity: sha512-pGjwhsmsp4kL2RTz08wcOlGN83otlqHeD/Z5T8GXZB+/YcpQ/dgo+lbU8ZsGxV0HIvqqxo9l7mqYwyYMD9bKDg==}
    engines: {node: '>=0.10'}
    hasBin: true

  fsevents@2.3.2:
    resolution: {integrity: sha512-xiqMQR4xAeHTuB9uWm+fFRcIOgKBMiOBP+eXiyT7jsgVCq1bkVygt00oASowB7EdtpOHaaPgKt812P9ab+DDKA==}
    engines: {node: ^8.16.0 || ^10.6.0 || >=11.0.0}
    os: [darwin]

  lightningcss-darwin-arm64@1.29.1:
    resolution: {integrity: sha512-HtR5XJ5A0lvCqYAoSv2QdZZyoHNttBpa5EP9aNuzBQeKGfbyH5+UipLWvVzpP4Uml5ej4BYs5I9Lco9u1fECqw==}
    engines: {node: '>= 12.0.0'}
    cpu: [arm64]
    os: [darwin]

  lightningcss-darwin-x64@1.29.1:
    resolution: {integrity: sha512-k33G9IzKUpHy/J/3+9MCO4e+PzaFblsgBjSGlpAaFikeBFm8B/CkO3cKU9oI4g+fjS2KlkLM/Bza9K/aw8wsNA==}
    engines: {node: '>= 12.0.0'}
    cpu: [x64]
    os: [darwin]

  lightningcss-freebsd-x64@1.29.1:
    resolution: {integrity: sha512-0SUW22fv/8kln2LnIdOCmSuXnxgxVC276W5KLTwoehiO0hxkacBxjHOL5EtHD8BAXg2BvuhsJPmVMasvby3LiQ==}
    engines: {node: '>= 12.0.0'}
    cpu: [x64]
    os: [freebsd]

  lightningcss-linux-arm-gnueabihf@1.29.1:
    resolution: {integrity: sha512-sD32pFvlR0kDlqsOZmYqH/68SqUMPNj+0pucGxToXZi4XZgZmqeX/NkxNKCPsswAXU3UeYgDSpGhu05eAufjDg==}
    engines: {node: '>= 12.0.0'}
    cpu: [arm]
    os: [linux]

  lightningcss-linux-arm64-gnu@1.29.1:
    resolution: {integrity: sha512-0+vClRIZ6mmJl/dxGuRsE197o1HDEeeRk6nzycSy2GofC2JsY4ifCRnvUWf/CUBQmlrvMzt6SMQNMSEu22csWQ==}
    engines: {node: '>= 12.0.0'}
    cpu: [arm64]
    os: [linux]

  lightningcss-linux-arm64-musl@1.29.1:
    resolution: {integrity: sha512-UKMFrG4rL/uHNgelBsDwJcBqVpzNJbzsKkbI3Ja5fg00sgQnHw/VrzUTEc4jhZ+AN2BvQYz/tkHu4vt1kLuJyw==}
    engines: {node: '>= 12.0.0'}
    cpu: [arm64]
    os: [linux]

  lightningcss-linux-x64-gnu@1.29.1:
    resolution: {integrity: sha512-u1S+xdODy/eEtjADqirA774y3jLcm8RPtYztwReEXoZKdzgsHYPl0s5V52Tst+GKzqjebkULT86XMSxejzfISw==}
    engines: {node: '>= 12.0.0'}
    cpu: [x64]
    os: [linux]

  lightningcss-linux-x64-musl@1.29.1:
    resolution: {integrity: sha512-L0Tx0DtaNUTzXv0lbGCLB/c/qEADanHbu4QdcNOXLIe1i8i22rZRpbT3gpWYsCh9aSL9zFujY/WmEXIatWvXbw==}
    engines: {node: '>= 12.0.0'}
    cpu: [x64]
    os: [linux]

  lightningcss-win32-arm64-msvc@1.29.1:
    resolution: {integrity: sha512-QoOVnkIEFfbW4xPi+dpdft/zAKmgLgsRHfJalEPYuJDOWf7cLQzYg0DEh8/sn737FaeMJxHZRc1oBreiwZCjog==}
    engines: {node: '>= 12.0.0'}
    cpu: [arm64]
    os: [win32]

  lightningcss-win32-x64-msvc@1.29.1:
    resolution: {integrity: sha512-NygcbThNBe4JElP+olyTI/doBNGJvLs3bFCRPdvuCcxZCcCZ71B858IHpdm7L1btZex0FvCmM17FK98Y9MRy1Q==}
    engines: {node: '>= 12.0.0'}
    cpu: [x64]
    os: [win32]

  lightningcss@1.29.1:
    resolution: {integrity: sha512-FmGoeD4S05ewj+AkhTY+D+myDvXI6eL27FjHIjoyUkO/uw7WZD1fBVs0QxeYWa7E17CUHJaYX/RUGISCtcrG4Q==}
    engines: {node: '>= 12.0.0'}

  nopt@8.1.0:
    resolution: {integrity: sha512-ieGu42u/Qsa4TFktmaKEwM6MQH0pOWnaB3htzh0JRtx84+Mebc0cbZYN5bC+6WTZ4+77xrL9Pn5m7CV6VIkV7A==}
    engines: {node: ^18.17.0 || >=20.5.0}
    hasBin: true

  playwright-core@1.50.1:
    resolution: {integrity: sha512-ra9fsNWayuYumt+NiM069M6OkcRb1FZSK8bgi66AtpFoWkg2+y0bJSNmkFrWhMbEBbVKC/EruAHH3g0zmtwGmQ==}
    engines: {node: '>=18'}
    hasBin: true

  playwright@1.50.1:
    resolution: {integrity: sha512-G8rwsOQJ63XG6BbKj2w5rHeavFjy5zynBA9zsJMMtBoe/Uf757oG12NXz6e6OirF7RCrTVAKFXbLmn1RbL7Qaw==}
    engines: {node: '>=18'}
    hasBin: true

  typescript@5.7.3:
    resolution: {integrity: sha512-84MVSjMEHP+FQRPy3pX9sTVV/INIex71s9TL2Gm5FG/WG1SqXeKyZ0k7/blY/4FdOzI12CBy1vGc4og/eus0fw==}
    engines: {node: '>=14.17'}
    hasBin: true

  undici-types@6.20.0:
    resolution: {integrity: sha512-Ny6QZ2Nju20vw1SRHe3d9jVu6gJ+4e3+MMpqu7pqE5HT6WsTSlce++GQmK5UXS8mzV8DSYHrQH+Xrf2jVcuKNg==}

  zod@3.24.1:
    resolution: {integrity: sha512-muH7gBL9sI1nciMZV67X5fTKKBLtwpZ5VBp1vsOQzj1MhrBZ4wlVCm3gedKZWLp0Oyel8sIGfeiz54Su+OVT+A==}

snapshots:

  '@types/node@22.13.1':
    dependencies:
      undici-types: 6.20.0

  '@types/nopt@3.0.32': {}

  abbrev@3.0.0: {}

  detect-libc@1.0.3: {}

  fsevents@2.3.2:
    optional: true

  lightningcss-darwin-arm64@1.29.1:
    optional: true

  lightningcss-darwin-x64@1.29.1:
    optional: true

  lightningcss-freebsd-x64@1.29.1:
    optional: true

  lightningcss-linux-arm-gnueabihf@1.29.1:
    optional: true

  lightningcss-linux-arm64-gnu@1.29.1:
    optional: true

  lightningcss-linux-arm64-musl@1.29.1:
    optional: true

  lightningcss-linux-x64-gnu@1.29.1:
    optional: true

  lightningcss-linux-x64-musl@1.29.1:
    optional: true

  lightningcss-win32-arm64-msvc@1.29.1:
    optional: true

  lightningcss-win32-x64-msvc@1.29.1:
    optional: true

  lightningcss@1.29.1:
    dependencies:
      detect-libc: 1.0.3
    optionalDependencies:
      lightningcss-darwin-arm64: 1.29.1
      lightningcss-darwin-x64: 1.29.1
      lightningcss-freebsd-x64: 1.29.1
      lightningcss-linux-arm-gnueabihf: 1.29.1
      lightningcss-linux-arm64-gnu: 1.29.1
      lightningcss-linux-arm64-musl: 1.29.1
      lightningcss-linux-x64-gnu: 1.29.1
      lightningcss-linux-x64-musl: 1.29.1
      lightningcss-win32-arm64-msvc: 1.29.1
      lightningcss-win32-x64-msvc: 1.29.1

  nopt@8.1.0:
    dependencies:
      abbrev: 3.0.0

  playwright-core@1.50.1: {}

  playwright@1.50.1:
    dependencies:
      playwright-core: 1.50.1
    optionalDependencies:
      fsevents: 2.3.2

  typescript@5.7.3: {}

  undici-types@6.20.0: {}

  zod@3.24.1: {}
